// !$*UTF8*$!
{
	archiveVersion = 1;
	classes = {
	};
	objectVersion = 55;
	objects = {

/* Begin PBXBuildFile section */
		52BD1DE12878AF3700965282 /* AppDelegate.swift in Sources */ = {isa = PBXBuildFile; fileRef = 52BD1DE02878AF3700965282 /* AppDelegate.swift */; };
		52BD1DE32878AF3700965282 /* SceneDelegate.swift in Sources */ = {isa = PBXBuildFile; fileRef = 52BD1DE22878AF3700965282 /* SceneDelegate.swift */; };
		52BD1DE52878AF3700965282 /* ContactViewController.swift in Sources */ = {isa = PBXBuildFile; fileRef = 52BD1DE42878AF3700965282 /* ContactViewController.swift */; };
		52BD1DE82878AF3700965282 /* Main.storyboard in Resources */ = {isa = PBXBuildFile; fileRef = 52BD1DE62878AF3700965282 /* Main.storyboard */; };
		52BD1DEB2878AF3700965282 /* Contacts.xcdatamodeld in Sources */ = {isa = PBXBuildFile; fileRef = 52BD1DE92878AF3700965282 /* Contacts.xcdatamodeld */; };
		52BD1DED2878AF3800965282 /* Assets.xcassets in Resources */ = {isa = PBXBuildFile; fileRef = 52BD1DEC2878AF3800965282 /* Assets.xcassets */; };
		52BD1DF02878AF3800965282 /* LaunchScreen.storyboard in Resources */ = {isa = PBXBuildFile; fileRef = 52BD1DEE2878AF3800965282 /* LaunchScreen.storyboard */; };
		52BD1DF82878B4BC00965282 /* Coordinator.swift in Sources */ = {isa = PBXBuildFile; fileRef = 52BD1DF72878B4BC00965282 /* Coordinator.swift */; };
		52BD1DFC2878B59B00965282 /* StartCoordinator.swift in Sources */ = {isa = PBXBuildFile; fileRef = 52BD1DFB2878B59B00965282 /* StartCoordinator.swift */; };
		52BD1DFE2878B65800965282 /* ChooseImage.swift in Sources */ = {isa = PBXBuildFile; fileRef = 52BD1DFD2878B65800965282 /* ChooseImage.swift */; };
		52BD1E002878BA6900965282 /* ContactsView.swift in Sources */ = {isa = PBXBuildFile; fileRef = 52BD1DFF2878BA6900965282 /* ContactsView.swift */; };
		52BD1E032878BAAB00965282 /* ViewCodingProtocol.swift in Sources */ = {isa = PBXBuildFile; fileRef = 52BD1E022878BAAB00965282 /* ViewCodingProtocol.swift */; };
		52BD1E092878BF7700965282 /* ComponentTableView.swift in Sources */ = {isa = PBXBuildFile; fileRef = 52BD1E082878BF7700965282 /* ComponentTableView.swift */; };
		52BD1E0B2878BFD900965282 /* CustomCell.swift in Sources */ = {isa = PBXBuildFile; fileRef = 52BD1E0A2878BFD900965282 /* CustomCell.swift */; };
		52BD1E0D2878C02C00965282 /* TableViewMethodsProtocol.swift in Sources */ = {isa = PBXBuildFile; fileRef = 52BD1E0C2878C02C00965282 /* TableViewMethodsProtocol.swift */; };
		52BD1E0F2878C0EB00965282 /* AddContactsViewController.swift in Sources */ = {isa = PBXBuildFile; fileRef = 52BD1E0E2878C0EB00965282 /* AddContactsViewController.swift */; };
		52BD1E112878C13D00965282 /* AddContactsView.swift in Sources */ = {isa = PBXBuildFile; fileRef = 52BD1E102878C13D00965282 /* AddContactsView.swift */; };
		52BD1E132878C1E400965282 /* UITextField+.swift in Sources */ = {isa = PBXBuildFile; fileRef = 52BD1E122878C1E400965282 /* UITextField+.swift */; };
		52BD1E162878C49A00965282 /* String+.swift in Sources */ = {isa = PBXBuildFile; fileRef = 52BD1E152878C49A00965282 /* String+.swift */; };
/* End PBXBuildFile section */

/* Begin PBXFileReference section */
		52BD1DDD2878AF3700965282 /* AccessTheGallery.app */ = {isa = PBXFileReference; explicitFileType = wrapper.application; includeInIndex = 0; path = AccessTheGallery.app; sourceTree = BUILT_PRODUCTS_DIR; };
		52BD1DE02878AF3700965282 /* AppDelegate.swift */ = {isa = PBXFileReference; lastKnownFileType = sourcecode.swift; path = AppDelegate.swift; sourceTree = "<group>"; };
		52BD1DE22878AF3700965282 /* SceneDelegate.swift */ = {isa = PBXFileReference; lastKnownFileType = sourcecode.swift; path = SceneDelegate.swift; sourceTree = "<group>"; };
		52BD1DE42878AF3700965282 /* ContactViewController.swift */ = {isa = PBXFileReference; lastKnownFileType = sourcecode.swift; path = ContactViewController.swift; sourceTree = "<group>"; };
		52BD1DE72878AF3700965282 /* Base */ = {isa = PBXFileReference; lastKnownFileType = file.storyboard; name = Base; path = Base.lproj/Main.storyboard; sourceTree = "<group>"; };
		52BD1DEA2878AF3700965282 /* AccessTheGallery.xcdatamodel */ = {isa = PBXFileReference; lastKnownFileType = wrapper.xcdatamodel; path = AccessTheGallery.xcdatamodel; sourceTree = "<group>"; };
		52BD1DEC2878AF3800965282 /* Assets.xcassets */ = {isa = PBXFileReference; lastKnownFileType = folder.assetcatalog; path = Assets.xcassets; sourceTree = "<group>"; };
		52BD1DEF2878AF3800965282 /* Base */ = {isa = PBXFileReference; lastKnownFileType = file.storyboard; name = Base; path = Base.lproj/LaunchScreen.storyboard; sourceTree = "<group>"; };
		52BD1DF12878AF3800965282 /* Info.plist */ = {isa = PBXFileReference; lastKnownFileType = text.plist.xml; path = Info.plist; sourceTree = "<group>"; };
		52BD1DF72878B4BC00965282 /* Coordinator.swift */ = {isa = PBXFileReference; lastKnownFileType = sourcecode.swift; path = Coordinator.swift; sourceTree = "<group>"; };
		52BD1DFB2878B59B00965282 /* StartCoordinator.swift */ = {isa = PBXFileReference; lastKnownFileType = sourcecode.swift; path = StartCoordinator.swift; sourceTree = "<group>"; };
		52BD1DFD2878B65800965282 /* ChooseImage.swift */ = {isa = PBXFileReference; lastKnownFileType = sourcecode.swift; path = ChooseImage.swift; sourceTree = "<group>"; };
		52BD1DFF2878BA6900965282 /* ContactsView.swift */ = {isa = PBXFileReference; lastKnownFileType = sourcecode.swift; path = ContactsView.swift; sourceTree = "<group>"; };
		52BD1E022878BAAB00965282 /* ViewCodingProtocol.swift */ = {isa = PBXFileReference; lastKnownFileType = sourcecode.swift; path = ViewCodingProtocol.swift; sourceTree = "<group>"; };
		52BD1E082878BF7700965282 /* ComponentTableView.swift */ = {isa = PBXFileReference; lastKnownFileType = sourcecode.swift; path = ComponentTableView.swift; sourceTree = "<group>"; };
		52BD1E0A2878BFD900965282 /* CustomCell.swift */ = {isa = PBXFileReference; lastKnownFileType = sourcecode.swift; path = CustomCell.swift; sourceTree = "<group>"; };
		52BD1E0C2878C02C00965282 /* TableViewMethodsProtocol.swift */ = {isa = PBXFileReference; lastKnownFileType = sourcecode.swift; path = TableViewMethodsProtocol.swift; sourceTree = "<group>"; };
		52BD1E0E2878C0EB00965282 /* AddContactsViewController.swift */ = {isa = PBXFileReference; lastKnownFileType = sourcecode.swift; path = AddContactsViewController.swift; sourceTree = "<group>"; };
		52BD1E102878C13D00965282 /* AddContactsView.swift */ = {isa = PBXFileReference; lastKnownFileType = sourcecode.swift; path = AddContactsView.swift; sourceTree = "<group>"; };
		52BD1E122878C1E400965282 /* UITextField+.swift */ = {isa = PBXFileReference; lastKnownFileType = sourcecode.swift; path = "UITextField+.swift"; sourceTree = "<group>"; };
		52BD1E152878C49A00965282 /* String+.swift */ = {isa = PBXFileReference; lastKnownFileType = sourcecode.swift; path = "String+.swift"; sourceTree = "<group>"; };
/* End PBXFileReference section */

/* Begin PBXFrameworksBuildPhase section */
		52BD1DDA2878AF3700965282 /* Frameworks */ = {
			isa = PBXFrameworksBuildPhase;
			buildActionMask = 2147483647;
			files = (
			);
			runOnlyForDeploymentPostprocessing = 0;
		};
/* End PBXFrameworksBuildPhase section */

/* Begin PBXGroup section */
		52BD1DD42878AF3600965282 = {
			isa = PBXGroup;
			children = (
				52BD1DDF2878AF3700965282 /* AccessTheGallery */,
				52BD1DDE2878AF3700965282 /* Products */,
			);
			sourceTree = "<group>";
		};
		52BD1DDE2878AF3700965282 /* Products */ = {
			isa = PBXGroup;
			children = (
				52BD1DDD2878AF3700965282 /* AccessTheGallery.app */,
			);
			name = Products;
			sourceTree = "<group>";
		};
		52BD1DDF2878AF3700965282 /* AccessTheGallery */ = {
			isa = PBXGroup;
			children = (
				52BD1DF12878AF3800965282 /* Info.plist */,
				52BD1DFA2878B4D800965282 /* Resources */,
				52BD1DF92878B4CC00965282 /* Sources */,
			);
			path = AccessTheGallery;
			sourceTree = "<group>";
		};
		52BD1DF92878B4CC00965282 /* Sources */ = {
			isa = PBXGroup;
			children = (
				52BD1DFD2878B65800965282 /* ChooseImage.swift */,
				52BD1E142878C1E900965282 /* Infrastructure */,
				52BD1E072878BF5800965282 /* TableView */,
				52BD1E062878BE5800965282 /* Coordinator */,
				52BD1E042878BE1500965282 /* Contacts */,
				52BD1E052878BE1E00965282 /* AddContacts */,
			);
			path = Sources;
			sourceTree = "<group>";
		};
		52BD1DFA2878B4D800965282 /* Resources */ = {
			isa = PBXGroup;
			children = (
				52BD1DE92878AF3700965282 /* Contacts.xcdatamodeld */,
				52BD1DE02878AF3700965282 /* AppDelegate.swift */,
				52BD1DE22878AF3700965282 /* SceneDelegate.swift */,
				52BD1DE62878AF3700965282 /* Main.storyboard */,
				52BD1DEC2878AF3800965282 /* Assets.xcassets */,
				52BD1DEE2878AF3800965282 /* LaunchScreen.storyboard */,
			);
			path = Resources;
			sourceTree = "<group>";
		};
		52BD1E042878BE1500965282 /* Contacts */ = {
			isa = PBXGroup;
			children = (
				52BD1DFF2878BA6900965282 /* ContactsView.swift */,
				52BD1DE42878AF3700965282 /* ContactViewController.swift */,
			);
			path = Contacts;
			sourceTree = "<group>";
		};
		52BD1E052878BE1E00965282 /* AddContacts */ = {
			isa = PBXGroup;
			children = (
				52BD1E0E2878C0EB00965282 /* AddContactsViewController.swift */,
				52BD1E102878C13D00965282 /* AddContactsView.swift */,
			);
			path = AddContacts;
			sourceTree = "<group>";
		};
		52BD1E062878BE5800965282 /* Coordinator */ = {
			isa = PBXGroup;
			children = (
				52BD1DFB2878B59B00965282 /* StartCoordinator.swift */,
				52BD1DF72878B4BC00965282 /* Coordinator.swift */,
			);
			path = Coordinator;
			sourceTree = "<group>";
		};
		52BD1E072878BF5800965282 /* TableView */ = {
			isa = PBXGroup;
			children = (
				52BD1E082878BF7700965282 /* ComponentTableView.swift */,
				52BD1E0A2878BFD900965282 /* CustomCell.swift */,
				52BD1E0C2878C02C00965282 /* TableViewMethodsProtocol.swift */,
			);
			path = TableView;
			sourceTree = "<group>";
		};
		52BD1E142878C1E900965282 /* Infrastructure */ = {
			isa = PBXGroup;
			children = (
				52BD1E172878C4A000965282 /* Extensions */,
				52BD1E022878BAAB00965282 /* ViewCodingProtocol.swift */,
			);
			path = Infrastructure;
			sourceTree = "<group>";
		};
		52BD1E172878C4A000965282 /* Extensions */ = {
			isa = PBXGroup;
			children = (
				52BD1E122878C1E400965282 /* UITextField+.swift */,
				52BD1E152878C49A00965282 /* String+.swift */,
			);
			path = Extensions;
			sourceTree = "<group>";
		};
/* End PBXGroup section */

/* Begin PBXNativeTarget section */
		52BD1DDC2878AF3700965282 /* AccessTheGallery */ = {
			isa = PBXNativeTarget;
			buildConfigurationList = 52BD1DF42878AF3800965282 /* Build configuration list for PBXNativeTarget "AccessTheGallery" */;
			buildPhases = (
				52BD1DD92878AF3700965282 /* Sources */,
				52BD1DDA2878AF3700965282 /* Frameworks */,
				52BD1DDB2878AF3700965282 /* Resources */,
			);
			buildRules = (
			);
			dependencies = (
			);
			name = AccessTheGallery;
			productName = AccessTheGallery;
			productReference = 52BD1DDD2878AF3700965282 /* AccessTheGallery.app */;
			productType = "com.apple.product-type.application";
		};
/* End PBXNativeTarget section */

/* Begin PBXProject section */
		52BD1DD52878AF3600965282 /* Project object */ = {
			isa = PBXProject;
			attributes = {
				BuildIndependentTargetsInParallel = 1;
				LastSwiftUpdateCheck = 1340;
				LastUpgradeCheck = 1340;
				TargetAttributes = {
					52BD1DDC2878AF3700965282 = {
						CreatedOnToolsVersion = 13.4.1;
					};
				};
			};
			buildConfigurationList = 52BD1DD82878AF3600965282 /* Build configuration list for PBXProject "AccessTheGallery" */;
			compatibilityVersion = "Xcode 13.0";
			developmentRegion = en;
			hasScannedForEncodings = 0;
			knownRegions = (
				en,
				Base,
			);
			mainGroup = 52BD1DD42878AF3600965282;
			productRefGroup = 52BD1DDE2878AF3700965282 /* Products */;
			projectDirPath = "";
			projectRoot = "";
			targets = (
				52BD1DDC2878AF3700965282 /* AccessTheGallery */,
			);
		};
/* End PBXProject section */

/* Begin PBXResourcesBuildPhase section */
		52BD1DDB2878AF3700965282 /* Resources */ = {
			isa = PBXResourcesBuildPhase;
			buildActionMask = 2147483647;
			files = (
				52BD1DF02878AF3800965282 /* LaunchScreen.storyboard in Resources */,
				52BD1DED2878AF3800965282 /* Assets.xcassets in Resources */,
				52BD1DE82878AF3700965282 /* Main.storyboard in Resources */,
			);
			runOnlyForDeploymentPostprocessing = 0;
		};
/* End PBXResourcesBuildPhase section */

/* Begin PBXSourcesBuildPhase section */
		52BD1DD92878AF3700965282 /* Sources */ = {
			isa = PBXSourcesBuildPhase;
			buildActionMask = 2147483647;
			files = (
				52BD1DEB2878AF3700965282 /* Contacts.xcdatamodeld in Sources */,
				52BD1DFC2878B59B00965282 /* StartCoordinator.swift in Sources */,
				52BD1E0F2878C0EB00965282 /* AddContactsViewController.swift in Sources */,
				52BD1E0B2878BFD900965282 /* CustomCell.swift in Sources */,
				52BD1DFE2878B65800965282 /* ChooseImage.swift in Sources */,
				52BD1E092878BF7700965282 /* ComponentTableView.swift in Sources */,
				52BD1E132878C1E400965282 /* UITextField+.swift in Sources */,
				52BD1E032878BAAB00965282 /* ViewCodingProtocol.swift in Sources */,
				52BD1E0D2878C02C00965282 /* TableViewMethodsProtocol.swift in Sources */,
				52BD1DE52878AF3700965282 /* ContactViewController.swift in Sources */,
				52BD1E162878C49A00965282 /* String+.swift in Sources */,
				52BD1E112878C13D00965282 /* AddContactsView.swift in Sources */,
				52BD1DF82878B4BC00965282 /* Coordinator.swift in Sources */,
				52BD1DE12878AF3700965282 /* AppDelegate.swift in Sources */,
				52BD1DE32878AF3700965282 /* SceneDelegate.swift in Sources */,
				52BD1E002878BA6900965282 /* ContactsView.swift in Sources */,
			);
			runOnlyForDeploymentPostprocessing = 0;
		};
/* End PBXSourcesBuildPhase section */

/* Begin PBXVariantGroup section */
		52BD1DE62878AF3700965282 /* Main.storyboard */ = {
			isa = PBXVariantGroup;
			children = (
				52BD1DE72878AF3700965282 /* Base */,
			);
			name = Main.storyboard;
			sourceTree = "<group>";
		};
		52BD1DEE2878AF3800965282 /* LaunchScreen.storyboard */ = {
			isa = PBXVariantGroup;
			children = (
				52BD1DEF2878AF3800965282 /* Base */,
			);
			name = LaunchScreen.storyboard;
			sourceTree = "<group>";
		};
/* End PBXVariantGroup section */

/* Begin XCBuildConfiguration section */
		52BD1DF22878AF3800965282 /* Debug */ = {
			isa = XCBuildConfiguration;
			buildSettings = {
				ALWAYS_SEARCH_USER_PATHS = NO;
				CLANG_ANALYZER_NONNULL = YES;
				CLANG_ANALYZER_NUMBER_OBJECT_CONVERSION = YES_AGGRESSIVE;
				CLANG_CXX_LANGUAGE_STANDARD = "gnu++17";
				CLANG_ENABLE_MODULES = YES;
				CLANG_ENABLE_OBJC_ARC = YES;
				CLANG_ENABLE_OBJC_WEAK = YES;
				CLANG_WARN_BLOCK_CAPTURE_AUTORELEASING = YES;
				CLANG_WARN_BOOL_CONVERSION = YES;
				CLANG_WARN_COMMA = YES;
				CLANG_WARN_CONSTANT_CONVERSION = YES;
				CLANG_WARN_DEPRECATED_OBJC_IMPLEMENTATIONS = YES;
				CLANG_WARN_DIRECT_OBJC_ISA_USAGE = YES_ERROR;
				CLANG_WARN_DOCUMENTATION_COMMENTS = YES;
				CLANG_WARN_EMPTY_BODY = YES;
				CLANG_WARN_ENUM_CONVERSION = YES;
				CLANG_WARN_INFINITE_RECURSION = YES;
				CLANG_WARN_INT_CONVERSION = YES;
				CLANG_WARN_NON_LITERAL_NULL_CONVERSION = YES;
				CLANG_WARN_OBJC_IMPLICIT_RETAIN_SELF = YES;
				CLANG_WARN_OBJC_LITERAL_CONVERSION = YES;
				CLANG_WARN_OBJC_ROOT_CLASS = YES_ERROR;
				CLANG_WARN_QUOTED_INCLUDE_IN_FRAMEWORK_HEADER = YES;
				CLANG_WARN_RANGE_LOOP_ANALYSIS = YES;
				CLANG_WARN_STRICT_PROTOTYPES = YES;
				CLANG_WARN_SUSPICIOUS_MOVE = YES;
				CLANG_WARN_UNGUARDED_AVAILABILITY = YES_AGGRESSIVE;
				CLANG_WARN_UNREACHABLE_CODE = YES;
				CLANG_WARN__DUPLICATE_METHOD_MATCH = YES;
				COPY_PHASE_STRIP = NO;
				DEBUG_INFORMATION_FORMAT = dwarf;
				ENABLE_STRICT_OBJC_MSGSEND = YES;
				ENABLE_TESTABILITY = YES;
				GCC_C_LANGUAGE_STANDARD = gnu11;
				GCC_DYNAMIC_NO_PIC = NO;
				GCC_NO_COMMON_BLOCKS = YES;
				GCC_OPTIMIZATION_LEVEL = 0;
				GCC_PREPROCESSOR_DEFINITIONS = (
					"DEBUG=1",
					"$(inherited)",
				);
				GCC_WARN_64_TO_32_BIT_CONVERSION = YES;
				GCC_WARN_ABOUT_RETURN_TYPE = YES_ERROR;
				GCC_WARN_UNDECLARED_SELECTOR = YES;
				GCC_WARN_UNINITIALIZED_AUTOS = YES_AGGRESSIVE;
				GCC_WARN_UNUSED_FUNCTION = YES;
				GCC_WARN_UNUSED_VARIABLE = YES;
				IPHONEOS_DEPLOYMENT_TARGET = 15.5;
				MTL_ENABLE_DEBUG_INFO = INCLUDE_SOURCE;
				MTL_FAST_MATH = YES;
				ONLY_ACTIVE_ARCH = YES;
				SDKROOT = iphoneos;
				SWIFT_ACTIVE_COMPILATION_CONDITIONS = DEBUG;
				SWIFT_OPTIMIZATION_LEVEL = "-Onone";
			};
			name = Debug;
		};
		52BD1DF32878AF3800965282 /* Release */ = {
			isa = XCBuildConfiguration;
			buildSettings = {
				ALWAYS_SEARCH_USER_PATHS = NO;
				CLANG_ANALYZER_NONNULL = YES;
				CLANG_ANALYZER_NUMBER_OBJECT_CONVERSION = YES_AGGRESSIVE;
				CLANG_CXX_LANGUAGE_STANDARD = "gnu++17";
				CLANG_ENABLE_MODULES = YES;
				CLANG_ENABLE_OBJC_ARC = YES;
				CLANG_ENABLE_OBJC_WEAK = YES;
				CLANG_WARN_BLOCK_CAPTURE_AUTORELEASING = YES;
				CLANG_WARN_BOOL_CONVERSION = YES;
				CLANG_WARN_COMMA = YES;
				CLANG_WARN_CONSTANT_CONVERSION = YES;
				CLANG_WARN_DEPRECATED_OBJC_IMPLEMENTATIONS = YES;
				CLANG_WARN_DIRECT_OBJC_ISA_USAGE = YES_ERROR;
				CLANG_WARN_DOCUMENTATION_COMMENTS = YES;
				CLANG_WARN_EMPTY_BODY = YES;
				CLANG_WARN_ENUM_CONVERSION = YES;
				CLANG_WARN_INFINITE_RECURSION = YES;
				CLANG_WARN_INT_CONVERSION = YES;
				CLANG_WARN_NON_LITERAL_NULL_CONVERSION = YES;
				CLANG_WARN_OBJC_IMPLICIT_RETAIN_SELF = YES;
				CLANG_WARN_OBJC_LITERAL_CONVERSION = YES;
				CLANG_WARN_OBJC_ROOT_CLASS = YES_ERROR;
				CLANG_WARN_QUOTED_INCLUDE_IN_FRAMEWORK_HEADER = YES;
				CLANG_WARN_RANGE_LOOP_ANALYSIS = YES;
				CLANG_WARN_STRICT_PROTOTYPES = YES;
				CLANG_WARN_SUSPICIOUS_MOVE = YES;
				CLANG_WARN_UNGUARDED_AVAILABILITY = YES_AGGRESSIVE;
				CLANG_WARN_UNREACHABLE_CODE = YES;
				CLANG_WARN__DUPLICATE_METHOD_MATCH = YES;
				COPY_PHASE_STRIP = NO;
				DEBUG_INFORMATION_FORMAT = "dwarf-with-dsym";
				ENABLE_NS_ASSERTIONS = NO;
				ENABLE_STRICT_OBJC_MSGSEND = YES;
				GCC_C_LANGUAGE_STANDARD = gnu11;
				GCC_NO_COMMON_BLOCKS = YES;
				GCC_WARN_64_TO_32_BIT_CONVERSION = YES;
				GCC_WARN_ABOUT_RETURN_TYPE = YES_ERROR;
				GCC_WARN_UNDECLARED_SELECTOR = YES;
				GCC_WARN_UNINITIALIZED_AUTOS = YES_AGGRESSIVE;
				GCC_WARN_UNUSED_FUNCTION = YES;
				GCC_WARN_UNUSED_VARIABLE = YES;
				IPHONEOS_DEPLOYMENT_TARGET = 15.5;
				MTL_ENABLE_DEBUG_INFO = NO;
				MTL_FAST_MATH = YES;
				SDKROOT = iphoneos;
				SWIFT_COMPILATION_MODE = wholemodule;
				SWIFT_OPTIMIZATION_LEVEL = "-O";
				VALIDATE_PRODUCT = YES;
			};
			name = Release;
		};
		52BD1DF52878AF3800965282 /* Debug */ = {
			isa = XCBuildConfiguration;
			buildSettings = {
				ASSETCATALOG_COMPILER_APPICON_NAME = AppIcon;
				ASSETCATALOG_COMPILER_GLOBAL_ACCENT_COLOR_NAME = AccentColor;
				CODE_SIGN_STYLE = Automatic;
				CURRENT_PROJECT_VERSION = 1;
				DEVELOPMENT_TEAM = 4YZBY4QHWG;
				GENERATE_INFOPLIST_FILE = YES;
				INFOPLIST_FILE = AccessTheGallery/Info.plist;
				INFOPLIST_KEY_UIApplicationSupportsIndirectInputEvents = YES;
				INFOPLIST_KEY_UILaunchStoryboardName = LaunchScreen;
				INFOPLIST_KEY_UIMainStoryboardFile = Main;
				INFOPLIST_KEY_UISupportedInterfaceOrientations_iPad = "UIInterfaceOrientationPortrait UIInterfaceOrientationPortraitUpsideDown UIInterfaceOrientationLandscapeLeft UIInterfaceOrientationLandscapeRight";
				INFOPLIST_KEY_UISupportedInterfaceOrientations_iPhone = "UIInterfaceOrientationPortrait UIInterfaceOrientationLandscapeLeft UIInterfaceOrientationLandscapeRight";
				LD_RUNPATH_SEARCH_PATHS = (
					"$(inherited)",
					"@executable_path/Frameworks",
				);
				MARKETING_VERSION = 1.0;
				PRODUCT_BUNDLE_IDENTIFIER = Renilson.moreira.AccessTheGallery;
				PRODUCT_NAME = "$(TARGET_NAME)";
				SWIFT_EMIT_LOC_STRINGS = YES;
				SWIFT_VERSION = 5.0;
				TARGETED_DEVICE_FAMILY = "1,2";
			};
			name = Debug;
		};
		52BD1DF62878AF3800965282 /* Release */ = {
			isa = XCBuildConfiguration;
			buildSettings = {
				ASSETCATALOG_COMPILER_APPICON_NAME = AppIcon;
				ASSETCATALOG_COMPILER_GLOBAL_ACCENT_COLOR_NAME = AccentColor;
				CODE_SIGN_STYLE = Automatic;
				CURRENT_PROJECT_VERSION = 1;
				DEVELOPMENT_TEAM = 4YZBY4QHWG;
				GENERATE_INFOPLIST_FILE = YES;
				INFOPLIST_FILE = AccessTheGallery/Info.plist;
				INFOPLIST_KEY_UIApplicationSupportsIndirectInputEvents = YES;
				INFOPLIST_KEY_UILaunchStoryboardName = LaunchScreen;
				INFOPLIST_KEY_UIMainStoryboardFile = Main;
				INFOPLIST_KEY_UISupportedInterfaceOrientations_iPad = "UIInterfaceOrientationPortrait UIInterfaceOrientationPortraitUpsideDown UIInterfaceOrientationLandscapeLeft UIInterfaceOrientationLandscapeRight";
				INFOPLIST_KEY_UISupportedInterfaceOrientations_iPhone = "UIInterfaceOrientationPortrait UIInterfaceOrientationLandscapeLeft UIInterfaceOrientationLandscapeRight";
				LD_RUNPATH_SEARCH_PATHS = (
					"$(inherited)",
					"@executable_path/Frameworks",
				);
				MARKETING_VERSION = 1.0;
				PRODUCT_BUNDLE_IDENTIFIER = Renilson.moreira.AccessTheGallery;
				PRODUCT_NAME = "$(TARGET_NAME)";
				SWIFT_EMIT_LOC_STRINGS = YES;
				SWIFT_VERSION = 5.0;
				TARGETED_DEVICE_FAMILY = "1,2";
			};
			name = Release;
		};
/* End XCBuildConfiguration section */

/* Begin XCConfigurationList section */
		52BD1DD82878AF3600965282 /* Build configuration list for PBXProject "AccessTheGallery" */ = {
			isa = XCConfigurationList;
			buildConfigurations = (
				52BD1DF22878AF3800965282 /* Debug */,
				52BD1DF32878AF3800965282 /* Release */,
			);
			defaultConfigurationIsVisible = 0;
			defaultConfigurationName = Release;
		};
		52BD1DF42878AF3800965282 /* Build configuration list for PBXNativeTarget "AccessTheGallery" */ = {
			isa = XCConfigurationList;
			buildConfigurations = (
				52BD1DF52878AF3800965282 /* Debug */,
				52BD1DF62878AF3800965282 /* Release */,
			);
			defaultConfigurationIsVisible = 0;
			defaultConfigurationName = Release;
		};
/* End XCConfigurationList section */

/* Begin XCVersionGroup section */
		52BD1DE92878AF3700965282 /* Contacts.xcdatamodeld */ = {
			isa = XCVersionGroup;
			children = (
				52BD1DEA2878AF3700965282 /* AccessTheGallery.xcdatamodel */,
			);
			currentVersion = 52BD1DEA2878AF3700965282 /* AccessTheGallery.xcdatamodel */;
			path = Contacts.xcdatamodeld;
			sourceTree = "<group>";
			versionGroupType = wrapper.xcdatamodel;
		};
/* End XCVersionGroup section */
	};
	rootObject = 52BD1DD52878AF3600965282 /* Project object */;
}
